PODS:
  - Sentry (8.38.0):
    - Sentry/Core (= 8.38.0)
  - Sentry/Core (8.38.0)
  - shared (1.0):
    - Sentry (= 8.38.0)

DEPENDENCIES:
  - shared (from `../shared`)

SPEC REPOS:
  trunk:
    - Sentry

EXTERNAL SOURCES:
  shared:
    :path: "../shared"

SPEC CHECKSUMS:
  Sentry: 205813e7e758b53df157cedb8c55b31a14300645
  shared: 38e3276769ae046ef95fc2b7813b92d179068a70

PODFILE CHECKSUM: 78d6cc1b71b232202c48a29d4e6c34972c534c73

COCOAPODS: 1.16.0
